
Microsoft Visual Studio Solution File, Format Version 12.00
# Visual Studio Version 17
VisualStudioVersion = 17.8.34302.71
MinimumVisualStudioVersion = 10.0.40219.1
Project("{FAE04EC0-301F-11D3-BF4B-00C04F79EFBC}") = "SpecFlowProjectDemo", "SpecFlowProjectDemo.csproj", "{5355BCC9-F12C-480D-9EE7-1A5D9782F718}"
EndProject
Global
	GlobalSection(SolutionConfigurationPlatforms) = preSolution
		Debug|Any CPU = Debug|Any CPU
		Release|Any CPU = Release|Any CPU
	EndGlobalSection
	GlobalSection(ProjectConfigurationPlatforms) = postSolution
		{5355BCC9-F12C-480D-9EE7-1A5D9782F718}.Debug|Any CPU.ActiveCfg = Debug|Any CPU
		{5355BCC9-F12C-480D-9EE7-1A5D9782F718}.Debug|Any CPU.Build.0 = Debug|Any CPU
		{5355BCC9-F12C-480D-9EE7-1A5D9782F718}.Release|Any CPU.ActiveCfg = Release|Any CPU
		{5355BCC9-F12C-480D-9EE7-1A5D9782F718}.Release|Any CPU.Build.0 = Release|Any CPU
	EndGlobalSection
	GlobalSection(SolutionProperties) = preSolution
		HideSolutionNode = FALSE
	EndGlobalSection
	GlobalSection(ExtensibilityGlobals) = postSolution
		SolutionGuid = {15E5FE9A-E8AF-48AF-9B25-388ADE18BD3E}
	EndGlobalSection
EndGlobal
